
Microsoft Visual Studio Solution File, Format Version 12.00
# Visual Studio Version 16
VisualStudioVersion = 16.0.31424.327
MinimumVisualStudioVersion = 10.0.40219.1
Project("{9A19103F-16F7-4668-BE54-9A1E7A4F7556}") = "WebApplication6", "WebApplication6\WebApplication6.csproj", "{F073656E-63FC-4333-8F83-770B5158B1C5}"
EndProject
Project("{9A19103F-16F7-4668-BE54-9A1E7A4F7556}") = "WebApiModel", "WebApiModel\WebApiModel.csproj", "{A4F5ECF6-9EC6-4355-B29D-0444F049B7A1}"
EndProject
Project("{FAE04EC0-301F-11D3-BF4B-00C04F79EFBC}") = "WebApiTest", "WebApiTest\WebApiTest.csproj", "{486CA852-4E48-43FF-BDBF-449C637DEF7B}"
EndProject
Project("{FAE04EC0-301F-11D3-BF4B-00C04F79EFBC}") = "WebApiLogica", "WebApiLogica\WebApiLogica.csproj", "{2D48D8B1-EF53-4091-B5A5-5F9EBF7BB030}"
EndProject
Global
	GlobalSection(SolutionConfigurationPlatforms) = preSolution
		Debug|Any CPU = Debug|Any CPU
		Release|Any CPU = Release|Any CPU
	EndGlobalSection
	GlobalSection(ProjectConfigurationPlatforms) = postSolution
		{F073656E-63FC-4333-8F83-770B5158B1C5}.Debug|Any CPU.ActiveCfg = Debug|Any CPU
		{F073656E-63FC-4333-8F83-770B5158B1C5}.Debug|Any CPU.Build.0 = Debug|Any CPU
		{F073656E-63FC-4333-8F83-770B5158B1C5}.Release|Any CPU.ActiveCfg = Release|Any CPU
		{F073656E-63FC-4333-8F83-770B5158B1C5}.Release|Any CPU.Build.0 = Release|Any CPU
		{A4F5ECF6-9EC6-4355-B29D-0444F049B7A1}.Debug|Any CPU.ActiveCfg = Debug|Any CPU
		{A4F5ECF6-9EC6-4355-B29D-0444F049B7A1}.Debug|Any CPU.Build.0 = Debug|Any CPU
		{A4F5ECF6-9EC6-4355-B29D-0444F049B7A1}.Release|Any CPU.ActiveCfg = Release|Any CPU
		{A4F5ECF6-9EC6-4355-B29D-0444F049B7A1}.Release|Any CPU.Build.0 = Release|Any CPU
		{486CA852-4E48-43FF-BDBF-449C637DEF7B}.Debug|Any CPU.ActiveCfg = Debug|Any CPU
		{486CA852-4E48-43FF-BDBF-449C637DEF7B}.Debug|Any CPU.Build.0 = Debug|Any CPU
		{486CA852-4E48-43FF-BDBF-449C637DEF7B}.Release|Any CPU.ActiveCfg = Release|Any CPU
		{486CA852-4E48-43FF-BDBF-449C637DEF7B}.Release|Any CPU.Build.0 = Release|Any CPU
		{2D48D8B1-EF53-4091-B5A5-5F9EBF7BB030}.Debug|Any CPU.ActiveCfg = Debug|Any CPU
		{2D48D8B1-EF53-4091-B5A5-5F9EBF7BB030}.Debug|Any CPU.Build.0 = Debug|Any CPU
		{2D48D8B1-EF53-4091-B5A5-5F9EBF7BB030}.Release|Any CPU.ActiveCfg = Release|Any CPU
		{2D48D8B1-EF53-4091-B5A5-5F9EBF7BB030}.Release|Any CPU.Build.0 = Release|Any CPU
	EndGlobalSection
	GlobalSection(SolutionProperties) = preSolution
		HideSolutionNode = FALSE
	EndGlobalSection
	GlobalSection(ExtensibilityGlobals) = postSolution
		SolutionGuid = {16E0F018-0D24-4D18-9C18-932C87213672}
	EndGlobalSection
EndGlobal
